#MicroXplorer Configuration settings - do not modify
Dma.Request0=UART5_TX
Dma.Request1=UART5_RX
Dma.Request2=USART2_TX
Dma.Request3=USART2_RX
Dma.Request4=UART4_RX
Dma.Request5=UART4_TX
Dma.RequestsNb=6
Dma.UART4_RX.4.Direction=DMA_PERIPH_TO_MEMORY
Dma.UART4_RX.4.FIFOMode=DMA_FIFOMODE_DISABLE
Dma.UART4_RX.4.Instance=DMA1_Stream2
Dma.UART4_RX.4.MemDataAlignment=DMA_MDATAALIGN_BYTE
Dma.UART4_RX.4.MemInc=DMA_MINC_ENABLE
Dma.UART4_RX.4.Mode=DMA_NORMAL
Dma.UART4_RX.4.PeriphDataAlignment=DMA_PDATAALIGN_BYTE
Dma.UART4_RX.4.PeriphInc=DMA_PINC_DISABLE
Dma.UART4_RX.4.Priority=DMA_PRIORITY_LOW
Dma.UART4_RX.4.RequestParameters=Instance,Direction,PeriphInc,MemInc,PeriphDataAlignment,MemDataAlignment,Mode,Priority,FIFOMode
Dma.UART4_TX.5.Direction=DMA_MEMORY_TO_PERIPH
Dma.UART4_TX.5.FIFOMode=DMA_FIFOMODE_DISABLE
Dma.UART4_TX.5.Instance=DMA1_Stream4
Dma.UART4_TX.5.MemDataAlignment=DMA_MDATAALIGN_BYTE
Dma.UART4_TX.5.MemInc=DMA_MINC_ENABLE
Dma.UART4_TX.5.Mode=DMA_NORMAL
Dma.UART4_TX.5.PeriphDataAlignment=DMA_PDATAALIGN_BYTE
Dma.UART4_TX.5.PeriphInc=DMA_PINC_DISABLE
Dma.UART4_TX.5.Priority=DMA_PRIORITY_LOW
Dma.UART4_TX.5.RequestParameters=Instance,Direction,PeriphInc,MemInc,PeriphDataAlignment,MemDataAlignment,Mode,Priority,FIFOMode
Dma.UART5_RX.1.Direction=DMA_PERIPH_TO_MEMORY
Dma.UART5_RX.1.FIFOMode=DMA_FIFOMODE_DISABLE
Dma.UART5_RX.1.Instance=DMA1_Stream0
Dma.UART5_RX.1.MemDataAlignment=DMA_MDATAALIGN_BYTE
Dma.UART5_RX.1.MemInc=DMA_MINC_ENABLE
Dma.UART5_RX.1.Mode=DMA_NORMAL
Dma.UART5_RX.1.PeriphDataAlignment=DMA_PDATAALIGN_BYTE
Dma.UART5_RX.1.PeriphInc=DMA_PINC_DISABLE
Dma.UART5_RX.1.Priority=DMA_PRIORITY_LOW
Dma.UART5_RX.1.RequestParameters=Instance,Direction,PeriphInc,MemInc,PeriphDataAlignment,MemDataAlignment,Mode,Priority,FIFOMode
Dma.UART5_TX.0.Direction=DMA_MEMORY_TO_PERIPH
Dma.UART5_TX.0.FIFOMode=DMA_FIFOMODE_DISABLE
Dma.UART5_TX.0.Instance=DMA1_Stream7
Dma.UART5_TX.0.MemDataAlignment=DMA_MDATAALIGN_BYTE
Dma.UART5_TX.0.MemInc=DMA_MINC_ENABLE
Dma.UART5_TX.0.Mode=DMA_NORMAL
Dma.UART5_TX.0.PeriphDataAlignment=DMA_PDATAALIGN_BYTE
Dma.UART5_TX.0.PeriphInc=DMA_PINC_DISABLE
Dma.UART5_TX.0.Priority=DMA_PRIORITY_LOW
Dma.UART5_TX.0.RequestParameters=Instance,Direction,PeriphInc,MemInc,PeriphDataAlignment,MemDataAlignment,Mode,Priority,FIFOMode
Dma.USART2_RX.3.Direction=DMA_PERIPH_TO_MEMORY
Dma.USART2_RX.3.FIFOMode=DMA_FIFOMODE_DISABLE
Dma.USART2_RX.3.Instance=DMA1_Stream5
Dma.USART2_RX.3.MemDataAlignment=DMA_MDATAALIGN_BYTE
Dma.USART2_RX.3.MemInc=DMA_MINC_ENABLE
Dma.USART2_RX.3.Mode=DMA_NORMAL
Dma.USART2_RX.3.PeriphDataAlignment=DMA_PDATAALIGN_BYTE
Dma.USART2_RX.3.PeriphInc=DMA_PINC_DISABLE
Dma.USART2_RX.3.Priority=DMA_PRIORITY_LOW
Dma.USART2_RX.3.RequestParameters=Instance,Direction,PeriphInc,MemInc,PeriphDataAlignment,MemDataAlignment,Mode,Priority,FIFOMode
Dma.USART2_TX.2.Direction=DMA_MEMORY_TO_PERIPH
Dma.USART2_TX.2.FIFOMode=DMA_FIFOMODE_DISABLE
Dma.USART2_TX.2.Instance=DMA1_Stream6
Dma.USART2_TX.2.MemDataAlignment=DMA_MDATAALIGN_BYTE
Dma.USART2_TX.2.MemInc=DMA_MINC_ENABLE
Dma.USART2_TX.2.Mode=DMA_NORMAL
Dma.USART2_TX.2.PeriphDataAlignment=DMA_PDATAALIGN_BYTE
Dma.USART2_TX.2.PeriphInc=DMA_PINC_DISABLE
Dma.USART2_TX.2.Priority=DMA_PRIORITY_LOW
Dma.USART2_TX.2.RequestParameters=Instance,Direction,PeriphInc,MemInc,PeriphDataAlignment,MemDataAlignment,Mode,Priority,FIFOMode
FREERTOS.FootprintOK=true
FREERTOS.IPParameters=Tasks01,MEMORY_ALLOCATION,FootprintOK
FREERTOS.MEMORY_ALLOCATION=2
FREERTOS.Tasks01=defaultTask,0,128,StartDefaultTask,Default,NULL,Static,defaultTaskBuffer,defaultTaskControlBlock;rx,3,128,StartRx,Default,NULL,Static,rxBuffer,rxControlBlock;tx,2,128,StartTx,Default,NULL,Static,txBuffer,txControlBlock
File.Version=6
KeepUserPlacement=false
Mcu.Family=STM32F4
Mcu.IP0=DMA
Mcu.IP1=FREERTOS
Mcu.IP2=NVIC
Mcu.IP3=RCC
Mcu.IP4=SYS
Mcu.IP5=UART4
Mcu.IP6=UART5
Mcu.IP7=USART2
Mcu.IPNb=8
Mcu.Name=STM32F446R(C-E)Tx
Mcu.Package=LQFP64
Mcu.Pin0=PC3
Mcu.Pin1=PA0-WKUP
Mcu.Pin2=PA1
Mcu.Pin3=PA2
Mcu.Pin4=PA3
Mcu.Pin5=PA4
Mcu.Pin6=PC12
Mcu.Pin7=PD2
Mcu.Pin8=VP_FREERTOS_VS_ENABLE
Mcu.Pin9=VP_SYS_VS_tim1
Mcu.PinsNb=10
Mcu.ThirdPartyNb=0
Mcu.UserConstants=
Mcu.UserName=STM32F446RETx
MxCube.Version=4.25.1
MxDb.Version=DB.4.0.251
NVIC.BusFault_IRQn=true\:0\:0\:false\:false\:true\:false\:false
NVIC.DMA1_Stream0_IRQn=true\:5\:0\:false\:false\:true\:true\:false
NVIC.DMA1_Stream2_IRQn=true\:5\:0\:false\:false\:true\:true\:false
NVIC.DMA1_Stream4_IRQn=true\:5\:0\:false\:false\:true\:true\:false
NVIC.DMA1_Stream5_IRQn=true\:5\:0\:false\:false\:true\:true\:false
NVIC.DMA1_Stream6_IRQn=true\:5\:0\:false\:false\:true\:true\:false
NVIC.DMA1_Stream7_IRQn=true\:5\:0\:false\:false\:true\:true\:false
NVIC.DebugMonitor_IRQn=true\:0\:0\:false\:false\:true\:false\:false
NVIC.HardFault_IRQn=true\:0\:0\:false\:false\:true\:false\:false
NVIC.MemoryManagement_IRQn=true\:0\:0\:false\:false\:true\:false\:false
NVIC.NonMaskableInt_IRQn=true\:0\:0\:false\:false\:true\:false\:false
NVIC.PendSV_IRQn=true\:15\:0\:false\:false\:false\:true\:false
NVIC.PriorityGroup=NVIC_PRIORITYGROUP_4
NVIC.SVCall_IRQn=true\:0\:0\:false\:false\:false\:false\:false
NVIC.SysTick_IRQn=true\:15\:0\:false\:false\:true\:true\:false
NVIC.TIM1_UP_TIM10_IRQn=true\:0\:0\:false\:false\:true\:false\:false
NVIC.TimeBase=TIM1_UP_TIM10_IRQn
NVIC.TimeBaseIP=TIM1
NVIC.UART4_IRQn=true\:5\:0\:false\:false\:true\:true\:true
NVIC.UART5_IRQn=true\:5\:0\:false\:false\:true\:true\:true
NVIC.USART2_IRQn=true\:5\:0\:false\:false\:true\:true\:true
NVIC.UsageFault_IRQn=true\:0\:0\:false\:false\:true\:false\:false
PA0-WKUP.Mode=Asynchronous
PA0-WKUP.Signal=UART4_TX
PA1.Mode=Asynchronous
PA1.Signal=UART4_RX
PA2.Mode=Asynchronous
PA2.Signal=USART2_TX
PA3.Mode=Asynchronous
PA3.Signal=USART2_RX
PA4.GPIOParameters=GPIO_Speed
PA4.GPIO_Speed=GPIO_SPEED_FREQ_VERY_HIGH
PA4.Locked=true
PA4.Signal=GPIO_Output
PC12.Mode=Asynchronous
PC12.Signal=UART5_TX
PC3.GPIOParameters=GPIO_Speed
PC3.GPIO_Speed=GPIO_SPEED_FREQ_VERY_HIGH
PC3.Locked=true
PC3.Signal=GPIO_Output
PCC.Checker=false
PCC.Line=STM32F446
PCC.MCU=STM32F446R(C-E)Tx
PCC.PartNumber=STM32F446RETx
PCC.Seq0=0
PCC.Series=STM32F4
PCC.Temperature=25
PCC.Vdd=null
PD2.Mode=Asynchronous
PD2.Signal=UART5_RX
PinOutPanel.RotationAngle=0
ProjectManager.AskForMigrate=true
ProjectManager.BackupPrevious=false
ProjectManager.CompilerOptimize=3
ProjectManager.ComputerToolchain=false
ProjectManager.CoupleFile=true
ProjectManager.CustomerFirmwarePackage=
ProjectManager.DefaultFWLocation=true
ProjectManager.DeletePrevious=true
ProjectManager.DeviceId=STM32F446RETx
ProjectManager.FirmwarePackage=STM32Cube FW_F4 V1.21.0
ProjectManager.FreePins=false
ProjectManager.HalAssertFull=false
ProjectManager.HeapSize=0x200
ProjectManager.KeepUserCode=true
ProjectManager.LastFirmware=true
ProjectManager.LibraryCopy=1
ProjectManager.MainLocation=Src
ProjectManager.PreviousToolchain=SW4STM32
ProjectManager.ProjectBuild=false
ProjectManager.ProjectFileName=BlankRTOS.ioc
ProjectManager.ProjectName=BlankRTOS
ProjectManager.StackSize=0x400
ProjectManager.TargetToolchain=SW4STM32
ProjectManager.ToolChainLocation=
ProjectManager.UnderRoot=true
ProjectManager.functionlistsort=1-MX_GPIO_Init-GPIO-false-HAL-true,2-MX_DMA_Init-DMA-false-HAL-true,3-SystemClock_Config-RCC-false-HAL-false,4-MX_UART5_Init-UART5-false-HAL-true,5-MX_USART2_UART_Init-USART2-false-HAL-true,6-MX_UART4_Init-UART4-false-HAL-true
RCC.CECFreq_Value=32786.88524590164
RCC.CortexFreq_Value=16000000
RCC.FamilyName=M
RCC.IPParameters=CECFreq_Value,CortexFreq_Value,FamilyName,PLLCLKFreq_Value,PLLI2SPCLKFreq_Value,PLLI2SQCLKFreq_Value,PLLI2SRCLKFreq_Value,PLLQCLKFreq_Value,PLLRCLKFreq_Value,PLLSAIPCLKFreq_Value,PLLSAIQCLKFreq_Value,SAIAFreq_Value,SAIBFreq_Value,SDIOFreq_Value,USBFreq_Value,VCOI2SInputFreq_Value,VCOI2SOutputFreq_Value,VCOInputFreq_Value,VCOOutputFreq_Value,VCOSAIInputFreq_Value,VCOSAIOutputFreq_Value
RCC.PLLCLKFreq_Value=96000000
RCC.PLLI2SPCLKFreq_Value=96000000
RCC.PLLI2SQCLKFreq_Value=96000000
RCC.PLLI2SRCLKFreq_Value=96000000
RCC.PLLQCLKFreq_Value=96000000
RCC.PLLRCLKFreq_Value=96000000
RCC.PLLSAIPCLKFreq_Value=96000000
RCC.PLLSAIQCLKFreq_Value=96000000
RCC.SAIAFreq_Value=96000000
RCC.SAIBFreq_Value=96000000
RCC.SDIOFreq_Value=96000000
RCC.USBFreq_Value=96000000
RCC.VCOI2SInputFreq_Value=1000000
RCC.VCOI2SOutputFreq_Value=192000000
RCC.VCOInputFreq_Value=1000000
RCC.VCOOutputFreq_Value=192000000
RCC.VCOSAIInputFreq_Value=1000000
RCC.VCOSAIOutputFreq_Value=192000000
UART4.BaudRate=1000000
UART4.IPParameters=VirtualMode,BaudRate
UART4.VirtualMode=Asynchronous
UART5.BaudRate=230400
UART5.IPParameters=VirtualMode,BaudRate
UART5.VirtualMode=Asynchronous
USART2.BaudRate=1000000
USART2.IPParameters=VirtualMode,BaudRate
USART2.VirtualMode=VM_ASYNC
VP_FREERTOS_VS_ENABLE.Mode=Enabled
VP_FREERTOS_VS_ENABLE.Signal=FREERTOS_VS_ENABLE
VP_SYS_VS_tim1.Mode=TIM1
VP_SYS_VS_tim1.Signal=SYS_VS_tim1
board=BlankRTOS
