#MicroXplorer Configuration settings - do not modify
Dma.Request0=USART3_TX
Dma.Request1=USART3_RX
Dma.Request10=UART4_TX
Dma.Request11=UART4_RX
Dma.Request2=UART5_TX
Dma.Request3=UART5_RX
Dma.Request4=USART2_TX
Dma.Request5=USART2_RX
Dma.Request6=USART1_TX
Dma.Request7=USART1_RX
Dma.Request8=USART6_TX
Dma.Request9=USART6_RX
Dma.RequestsNb=12
Dma.UART4_RX.11.Direction=DMA_PERIPH_TO_MEMORY
Dma.UART4_RX.11.FIFOMode=DMA_FIFOMODE_DISABLE
Dma.UART4_RX.11.Instance=DMA1_Stream2
Dma.UART4_RX.11.MemDataAlignment=DMA_MDATAALIGN_BYTE
Dma.UART4_RX.11.MemInc=DMA_MINC_ENABLE
Dma.UART4_RX.11.Mode=DMA_NORMAL
Dma.UART4_RX.11.PeriphDataAlignment=DMA_PDATAALIGN_BYTE
Dma.UART4_RX.11.PeriphInc=DMA_PINC_DISABLE
Dma.UART4_RX.11.Priority=DMA_PRIORITY_LOW
Dma.UART4_RX.11.RequestParameters=Instance,Direction,PeriphInc,MemInc,PeriphDataAlignment,MemDataAlignment,Mode,Priority,FIFOMode
Dma.UART4_TX.10.Direction=DMA_MEMORY_TO_PERIPH
Dma.UART4_TX.10.FIFOMode=DMA_FIFOMODE_DISABLE
Dma.UART4_TX.10.Instance=DMA1_Stream4
Dma.UART4_TX.10.MemDataAlignment=DMA_MDATAALIGN_BYTE
Dma.UART4_TX.10.MemInc=DMA_MINC_ENABLE
Dma.UART4_TX.10.Mode=DMA_NORMAL
Dma.UART4_TX.10.PeriphDataAlignment=DMA_PDATAALIGN_BYTE
Dma.UART4_TX.10.PeriphInc=DMA_PINC_DISABLE
Dma.UART4_TX.10.Priority=DMA_PRIORITY_LOW
Dma.UART4_TX.10.RequestParameters=Instance,Direction,PeriphInc,MemInc,PeriphDataAlignment,MemDataAlignment,Mode,Priority,FIFOMode
Dma.UART5_RX.3.Direction=DMA_PERIPH_TO_MEMORY
Dma.UART5_RX.3.FIFOMode=DMA_FIFOMODE_DISABLE
Dma.UART5_RX.3.Instance=DMA1_Stream0
Dma.UART5_RX.3.MemDataAlignment=DMA_MDATAALIGN_BYTE
Dma.UART5_RX.3.MemInc=DMA_MINC_ENABLE
Dma.UART5_RX.3.Mode=DMA_NORMAL
Dma.UART5_RX.3.PeriphDataAlignment=DMA_PDATAALIGN_BYTE
Dma.UART5_RX.3.PeriphInc=DMA_PINC_DISABLE
Dma.UART5_RX.3.Priority=DMA_PRIORITY_LOW
Dma.UART5_RX.3.RequestParameters=Instance,Direction,PeriphInc,MemInc,PeriphDataAlignment,MemDataAlignment,Mode,Priority,FIFOMode
Dma.UART5_TX.2.Direction=DMA_MEMORY_TO_PERIPH
Dma.UART5_TX.2.FIFOMode=DMA_FIFOMODE_DISABLE
Dma.UART5_TX.2.Instance=DMA1_Stream7
Dma.UART5_TX.2.MemDataAlignment=DMA_MDATAALIGN_BYTE
Dma.UART5_TX.2.MemInc=DMA_MINC_ENABLE
Dma.UART5_TX.2.Mode=DMA_NORMAL
Dma.UART5_TX.2.PeriphDataAlignment=DMA_PDATAALIGN_BYTE
Dma.UART5_TX.2.PeriphInc=DMA_PINC_DISABLE
Dma.UART5_TX.2.Priority=DMA_PRIORITY_LOW
Dma.UART5_TX.2.RequestParameters=Instance,Direction,PeriphInc,MemInc,PeriphDataAlignment,MemDataAlignment,Mode,Priority,FIFOMode
Dma.USART1_RX.7.Direction=DMA_PERIPH_TO_MEMORY
Dma.USART1_RX.7.FIFOMode=DMA_FIFOMODE_DISABLE
Dma.USART1_RX.7.Instance=DMA2_Stream2
Dma.USART1_RX.7.MemDataAlignment=DMA_MDATAALIGN_BYTE
Dma.USART1_RX.7.MemInc=DMA_MINC_ENABLE
Dma.USART1_RX.7.Mode=DMA_NORMAL
Dma.USART1_RX.7.PeriphDataAlignment=DMA_PDATAALIGN_BYTE
Dma.USART1_RX.7.PeriphInc=DMA_PINC_DISABLE
Dma.USART1_RX.7.Priority=DMA_PRIORITY_LOW
Dma.USART1_RX.7.RequestParameters=Instance,Direction,PeriphInc,MemInc,PeriphDataAlignment,MemDataAlignment,Mode,Priority,FIFOMode
Dma.USART1_TX.6.Direction=DMA_MEMORY_TO_PERIPH
Dma.USART1_TX.6.FIFOMode=DMA_FIFOMODE_DISABLE
Dma.USART1_TX.6.Instance=DMA2_Stream7
Dma.USART1_TX.6.MemDataAlignment=DMA_MDATAALIGN_BYTE
Dma.USART1_TX.6.MemInc=DMA_MINC_ENABLE
Dma.USART1_TX.6.Mode=DMA_NORMAL
Dma.USART1_TX.6.PeriphDataAlignment=DMA_PDATAALIGN_BYTE
Dma.USART1_TX.6.PeriphInc=DMA_PINC_DISABLE
Dma.USART1_TX.6.Priority=DMA_PRIORITY_LOW
Dma.USART1_TX.6.RequestParameters=Instance,Direction,PeriphInc,MemInc,PeriphDataAlignment,MemDataAlignment,Mode,Priority,FIFOMode
Dma.USART2_RX.5.Direction=DMA_PERIPH_TO_MEMORY
Dma.USART2_RX.5.FIFOMode=DMA_FIFOMODE_DISABLE
Dma.USART2_RX.5.Instance=DMA1_Stream5
Dma.USART2_RX.5.MemDataAlignment=DMA_MDATAALIGN_BYTE
Dma.USART2_RX.5.MemInc=DMA_MINC_ENABLE
Dma.USART2_RX.5.Mode=DMA_NORMAL
Dma.USART2_RX.5.PeriphDataAlignment=DMA_PDATAALIGN_BYTE
Dma.USART2_RX.5.PeriphInc=DMA_PINC_DISABLE
Dma.USART2_RX.5.Priority=DMA_PRIORITY_LOW
Dma.USART2_RX.5.RequestParameters=Instance,Direction,PeriphInc,MemInc,PeriphDataAlignment,MemDataAlignment,Mode,Priority,FIFOMode
Dma.USART2_TX.4.Direction=DMA_MEMORY_TO_PERIPH
Dma.USART2_TX.4.FIFOMode=DMA_FIFOMODE_DISABLE
Dma.USART2_TX.4.Instance=DMA1_Stream6
Dma.USART2_TX.4.MemDataAlignment=DMA_MDATAALIGN_BYTE
Dma.USART2_TX.4.MemInc=DMA_MINC_ENABLE
Dma.USART2_TX.4.Mode=DMA_NORMAL
Dma.USART2_TX.4.PeriphDataAlignment=DMA_PDATAALIGN_BYTE
Dma.USART2_TX.4.PeriphInc=DMA_PINC_DISABLE
Dma.USART2_TX.4.Priority=DMA_PRIORITY_LOW
Dma.USART2_TX.4.RequestParameters=Instance,Direction,PeriphInc,MemInc,PeriphDataAlignment,MemDataAlignment,Mode,Priority,FIFOMode
Dma.USART3_RX.1.Direction=DMA_PERIPH_TO_MEMORY
Dma.USART3_RX.1.FIFOMode=DMA_FIFOMODE_DISABLE
Dma.USART3_RX.1.Instance=DMA1_Stream1
Dma.USART3_RX.1.MemDataAlignment=DMA_MDATAALIGN_BYTE
Dma.USART3_RX.1.MemInc=DMA_MINC_ENABLE
Dma.USART3_RX.1.Mode=DMA_NORMAL
Dma.USART3_RX.1.PeriphDataAlignment=DMA_PDATAALIGN_BYTE
Dma.USART3_RX.1.PeriphInc=DMA_PINC_DISABLE
Dma.USART3_RX.1.Priority=DMA_PRIORITY_LOW
Dma.USART3_RX.1.RequestParameters=Instance,Direction,PeriphInc,MemInc,PeriphDataAlignment,MemDataAlignment,Mode,Priority,FIFOMode
Dma.USART3_TX.0.Direction=DMA_MEMORY_TO_PERIPH
Dma.USART3_TX.0.FIFOMode=DMA_FIFOMODE_DISABLE
Dma.USART3_TX.0.Instance=DMA1_Stream3
Dma.USART3_TX.0.MemDataAlignment=DMA_MDATAALIGN_BYTE
Dma.USART3_TX.0.MemInc=DMA_MINC_ENABLE
Dma.USART3_TX.0.Mode=DMA_NORMAL
Dma.USART3_TX.0.PeriphDataAlignment=DMA_PDATAALIGN_BYTE
Dma.USART3_TX.0.PeriphInc=DMA_PINC_DISABLE
Dma.USART3_TX.0.Priority=DMA_PRIORITY_LOW
Dma.USART3_TX.0.RequestParameters=Instance,Direction,PeriphInc,MemInc,PeriphDataAlignment,MemDataAlignment,Mode,Priority,FIFOMode
Dma.USART6_RX.9.Direction=DMA_PERIPH_TO_MEMORY
Dma.USART6_RX.9.FIFOMode=DMA_FIFOMODE_DISABLE
Dma.USART6_RX.9.Instance=DMA2_Stream1
Dma.USART6_RX.9.MemDataAlignment=DMA_MDATAALIGN_BYTE
Dma.USART6_RX.9.MemInc=DMA_MINC_ENABLE
Dma.USART6_RX.9.Mode=DMA_NORMAL
Dma.USART6_RX.9.PeriphDataAlignment=DMA_PDATAALIGN_BYTE
Dma.USART6_RX.9.PeriphInc=DMA_PINC_DISABLE
Dma.USART6_RX.9.Priority=DMA_PRIORITY_LOW
Dma.USART6_RX.9.RequestParameters=Instance,Direction,PeriphInc,MemInc,PeriphDataAlignment,MemDataAlignment,Mode,Priority,FIFOMode
Dma.USART6_TX.8.Direction=DMA_MEMORY_TO_PERIPH
Dma.USART6_TX.8.FIFOMode=DMA_FIFOMODE_DISABLE
Dma.USART6_TX.8.Instance=DMA2_Stream6
Dma.USART6_TX.8.MemDataAlignment=DMA_MDATAALIGN_BYTE
Dma.USART6_TX.8.MemInc=DMA_MINC_ENABLE
Dma.USART6_TX.8.Mode=DMA_NORMAL
Dma.USART6_TX.8.PeriphDataAlignment=DMA_PDATAALIGN_BYTE
Dma.USART6_TX.8.PeriphInc=DMA_PINC_DISABLE
Dma.USART6_TX.8.Priority=DMA_PRIORITY_LOW
Dma.USART6_TX.8.RequestParameters=Instance,Direction,PeriphInc,MemInc,PeriphDataAlignment,MemDataAlignment,Mode,Priority,FIFOMode
FREERTOS.FootprintOK=true
FREERTOS.INCLUDE_vTaskDelayUntil=1
FREERTOS.IPParameters=Tasks01,FootprintOK,MEMORY_ALLOCATION,INCLUDE_vTaskDelayUntil,Queues01,Mutexes01
FREERTOS.MEMORY_ALLOCATION=2
FREERTOS.Mutexes01=PCUART,Static,PCUARTControlBlock;DATABUFFER,Static,DATABUFFERControlBlock
FREERTOS.Queues01=UpperLeftLeg_req,16,UARTcmd_t,0,Static,UpperLeftLeg_reqBuffer,UpperLeftLeg_reqControlBlock;LowerRightLeg_req,16,UARTcmd_t,0,Static,LowerRightLeg_reqBuffer,LowerRightLeg_reqControlBlock;HeadAndArms_req,16,UARTcmd_t,0,Static,HeadAndArms_reqBuffer,HeadAndArms_reqControlBlock;UpperRightLeg_req,16,UARTcmd_t,0,Static,UpperRightLeg_reqBuffer,UpperRightLeg_reqControlBlock;LowerLeftLeg_req,16,UARTcmd_t,0,Static,LowerLeftLeg_reqBuffer,LowerLeftLeg_reqControlBlock;BufferWriteQueue,32,TXData_t,0,Static,BufferWriteQueueBuffer,BufferWriteQueueControlBlock
FREERTOS.Tasks01=defaultTask,-3,128,StartDefaultTask,Default,NULL,Static,defaultTaskBuffer,defaultTaskControlBlock;UpperLeftLeg,-1,128,StartUpperLeftLeg,As external,NULL,Static,UpperLeftLegBuffer,UpperLeftLegControlBlock;LowerRightLeg,-1,128,StartLowerRightLeg,As external,NULL,Static,LowerRightLegBuffer,LowerRightLegControlBlock;HeadAndArms,-1,128,StartHeadAndArms,As external,NULL,Static,HeadAndArmsBuffer,HeadAndArmsControlBlock;UpperRightLeg,-1,128,StartUpperRightLeg,As external,NULL,Static,UpperRightLegBuffer,UpperRightLegControlBlock;LowerLeftLeg,-1,128,StartLowerLeftLeg,As external,NULL,Static,LowerLeftLegBuffer,LowerLeftLegControlBlock;IMUTask,0,128,StartIMUTask,As external,NULL,Static,IMUTaskBuffer,IMUTaskControlBlock;CommandTask,1,128,StartCommandTask,As external,NULL,Static,CommandTaskBuffer,CommandTaskControlBlock;RxTask,3,512,StartRxTask,As external,NULL,Static,RxTaskBuffer,RxTaskControlBlock;TxTask,2,512,StartTxTask,As external,NULL,Static,TxTaskBuffer,TxTaskControlBlock;BuffWriterTask,0,128,StartBuffWriterTask,As external,NULL,Static,BuffWriterTaskBuffer,BuffWriterTaskControlBlock;MotorCmdGenTask,0,128,StartMotorCmdGenTask,As external,NULL,Static,MotorCmdGenTaskBuffer,MotorCmdGenTaskControlBlock
File.Version=6
I2C1.I2C_Mode=I2C_Fast
I2C1.IPParameters=I2C_Mode
KeepUserPlacement=false
Mcu.Family=STM32F4
Mcu.IP0=DMA
Mcu.IP1=FREERTOS
Mcu.IP10=USART3
Mcu.IP11=USART6
Mcu.IP2=I2C1
Mcu.IP3=NVIC
Mcu.IP4=RCC
Mcu.IP5=SYS
Mcu.IP6=UART4
Mcu.IP7=UART5
Mcu.IP8=USART1
Mcu.IP9=USART2
Mcu.IPNb=12
Mcu.Name=STM32F446R(C-E)Tx
Mcu.Package=LQFP64
Mcu.Pin0=PC3
Mcu.Pin1=PA0-WKUP
Mcu.Pin10=PC7
Mcu.Pin11=PC8
Mcu.Pin12=PC9
Mcu.Pin13=PA8
Mcu.Pin14=PA9
Mcu.Pin15=PA10
Mcu.Pin16=PC12
Mcu.Pin17=PD2
Mcu.Pin18=PB6
Mcu.Pin19=PB7
Mcu.Pin2=PA1
Mcu.Pin20=VP_FREERTOS_VS_ENABLE
Mcu.Pin21=VP_SYS_VS_tim1
Mcu.Pin3=PA2
Mcu.Pin4=PA3
Mcu.Pin5=PA4
Mcu.Pin6=PC5
Mcu.Pin7=PB2
Mcu.Pin8=PB10
Mcu.Pin9=PC6
Mcu.PinsNb=22
Mcu.ThirdPartyNb=0
Mcu.UserConstants=
Mcu.UserName=STM32F446RETx
MxCube.Version=4.27.0
MxDb.Version=DB.4.0.270
NVIC.BusFault_IRQn=true\:0\:0\:false\:false\:true\:false\:false
NVIC.DMA1_Stream0_IRQn=true\:5\:0\:false\:false\:true\:true\:false
NVIC.DMA1_Stream1_IRQn=true\:5\:0\:false\:false\:true\:true\:false
NVIC.DMA1_Stream2_IRQn=true\:5\:0\:false\:false\:true\:true\:false
NVIC.DMA1_Stream3_IRQn=true\:5\:0\:false\:false\:true\:true\:false
NVIC.DMA1_Stream4_IRQn=true\:5\:0\:false\:false\:true\:true\:false
NVIC.DMA1_Stream5_IRQn=true\:5\:0\:false\:false\:true\:true\:false
NVIC.DMA1_Stream6_IRQn=true\:5\:0\:false\:false\:true\:true\:false
NVIC.DMA1_Stream7_IRQn=true\:5\:0\:false\:false\:true\:true\:false
NVIC.DMA2_Stream1_IRQn=true\:5\:0\:false\:false\:true\:true\:false
NVIC.DMA2_Stream2_IRQn=true\:5\:0\:false\:false\:true\:true\:false
NVIC.DMA2_Stream6_IRQn=true\:5\:0\:false\:false\:true\:true\:false
NVIC.DMA2_Stream7_IRQn=true\:5\:0\:false\:false\:true\:true\:false
NVIC.DebugMonitor_IRQn=true\:0\:0\:false\:false\:true\:false\:false
NVIC.HardFault_IRQn=true\:0\:0\:false\:false\:true\:false\:false
NVIC.I2C1_EV_IRQn=true\:5\:0\:false\:false\:true\:true\:true
NVIC.MemoryManagement_IRQn=true\:0\:0\:false\:false\:true\:false\:false
NVIC.NonMaskableInt_IRQn=true\:0\:0\:false\:false\:true\:false\:false
NVIC.PendSV_IRQn=true\:15\:0\:false\:false\:false\:true\:false
NVIC.PriorityGroup=NVIC_PRIORITYGROUP_4
NVIC.SVCall_IRQn=true\:0\:0\:false\:false\:false\:false\:false
NVIC.SysTick_IRQn=true\:15\:0\:false\:false\:true\:true\:false
NVIC.TIM1_UP_TIM10_IRQn=true\:0\:0\:false\:false\:true\:false\:false
NVIC.TimeBase=TIM1_UP_TIM10_IRQn
NVIC.TimeBaseIP=TIM1
NVIC.UART4_IRQn=true\:5\:0\:false\:false\:true\:true\:true
NVIC.UART5_IRQn=true\:5\:0\:false\:false\:true\:true\:true
NVIC.USART1_IRQn=true\:5\:0\:false\:false\:true\:true\:true
NVIC.USART2_IRQn=true\:5\:0\:false\:false\:true\:true\:true
NVIC.USART3_IRQn=true\:5\:0\:false\:false\:true\:true\:true
NVIC.USART6_IRQn=true\:5\:0\:false\:false\:true\:true\:true
NVIC.UsageFault_IRQn=true\:0\:0\:false\:false\:true\:false\:false
PA0-WKUP.Mode=Asynchronous
PA0-WKUP.Signal=UART4_TX
PA1.Mode=Asynchronous
PA1.Signal=UART4_RX
PA10.Mode=Asynchronous
PA10.Signal=USART1_RX
PA2.Mode=Asynchronous
PA2.Signal=USART2_TX
PA3.Mode=Asynchronous
PA3.Signal=USART2_RX
PA4.GPIOParameters=GPIO_Speed,GPIO_Label
PA4.GPIO_Label=U2_DIR
PA4.GPIO_Speed=GPIO_SPEED_FREQ_VERY_HIGH
PA4.Locked=true
PA4.Signal=GPIO_Output
PA8.GPIOParameters=GPIO_Speed,GPIO_Label
PA8.GPIO_Label=U1_DIR
PA8.GPIO_Speed=GPIO_SPEED_FREQ_VERY_HIGH
PA8.Locked=true
PA8.Signal=GPIO_Output
PA9.Mode=Asynchronous
PA9.Signal=USART1_TX
PB10.Mode=Asynchronous
PB10.Signal=USART3_TX
PB2.GPIOParameters=GPIO_Speed,GPIO_Label
PB2.GPIO_Label=U3_DIR
PB2.GPIO_Speed=GPIO_SPEED_FREQ_VERY_HIGH
PB2.Locked=true
PB2.Signal=GPIO_Output
PB6.Mode=I2C
PB6.Signal=I2C1_SCL
PB7.Mode=I2C
PB7.Signal=I2C1_SDA
PC12.Mode=Asynchronous
PC12.Signal=UART5_TX
PC3.GPIOParameters=GPIO_Speed,GPIO_Label
PC3.GPIO_Label=U4_DIR
PC3.GPIO_Speed=GPIO_SPEED_FREQ_VERY_HIGH
PC3.Locked=true
PC3.Signal=GPIO_Output
PC5.Mode=Asynchronous
PC5.Signal=USART3_RX
PC6.Locked=true
PC6.Mode=Asynchronous
PC6.Signal=USART6_TX
PC7.Mode=Asynchronous
PC7.Signal=USART6_RX
PC8.GPIOParameters=GPIO_Speed,GPIO_Label
PC8.GPIO_Label=U6_DIR
PC8.GPIO_Speed=GPIO_SPEED_FREQ_VERY_HIGH
PC8.Locked=true
PC8.Signal=GPIO_Output
PC9.Locked=true
PC9.Signal=GPIO_Input
PCC.Checker=false
PCC.Line=STM32F446
PCC.MCU=STM32F446R(C-E)Tx
PCC.PartNumber=STM32F446RETx
PCC.Seq0=0
PCC.Series=STM32F4
PCC.Temperature=25
PCC.Vdd=null
PD2.Mode=Asynchronous
PD2.Signal=UART5_RX
PinOutPanel.RotationAngle=0
ProjectManager.AskForMigrate=true
ProjectManager.BackupPrevious=false
ProjectManager.CompilerOptimize=3
ProjectManager.ComputerToolchain=false
ProjectManager.CoupleFile=true
ProjectManager.CustomerFirmwarePackage=
ProjectManager.DefaultFWLocation=true
ProjectManager.DeletePrevious=true
ProjectManager.DeviceId=STM32F446RETx
ProjectManager.FirmwarePackage=STM32Cube FW_F4 V1.21.0
ProjectManager.FreePins=false
ProjectManager.HalAssertFull=false
ProjectManager.HeapSize=0x200
ProjectManager.KeepUserCode=true
ProjectManager.LastFirmware=true
ProjectManager.LibraryCopy=1
ProjectManager.MainLocation=Src
ProjectManager.NoMain=false
ProjectManager.PreviousToolchain=SW4STM32
ProjectManager.ProjectBuild=false
ProjectManager.ProjectFileName=Robot_F4.ioc
ProjectManager.ProjectName=Robot_F4
ProjectManager.StackSize=0x400
ProjectManager.TargetToolchain=SW4STM32
ProjectManager.ToolChainLocation=
ProjectManager.UnderRoot=true
ProjectManager.functionlistsort=1-MX_GPIO_Init-GPIO-false-HAL-true,2-MX_DMA_Init-DMA-false-HAL-true,3-SystemClock_Config-RCC-false-HAL-false,4-MX_USART1_UART_Init-USART1-false-HAL-true,5-MX_USART6_UART_Init-USART6-false-HAL-true,6-MX_USART2_UART_Init-USART2-false-HAL-true,7-MX_UART4_Init-UART4-false-HAL-true,8-MX_I2C1_Init-I2C1-false-HAL-true,9-MX_USART3_UART_Init-USART3-false-HAL-true,10-MX_UART5_Init-UART5-false-HAL-true
RCC.AHBFreq_Value=180000000
RCC.APB1CLKDivider=RCC_HCLK_DIV4
RCC.APB1Freq_Value=45000000
RCC.APB1TimFreq_Value=90000000
RCC.APB2CLKDivider=RCC_HCLK_DIV2
RCC.APB2Freq_Value=90000000
RCC.APB2TimFreq_Value=180000000
RCC.CECFreq_Value=32786.88524590164
RCC.CortexFreq_Value=180000000
RCC.FCLKCortexFreq_Value=180000000
RCC.FMPI2C1Freq_Value=45000000
RCC.FamilyName=M
RCC.HCLKFreq_Value=180000000
RCC.IPParameters=AHBFreq_Value,APB1CLKDivider,APB1Freq_Value,APB1TimFreq_Value,APB2CLKDivider,APB2Freq_Value,APB2TimFreq_Value,CECFreq_Value,CortexFreq_Value,FCLKCortexFreq_Value,FMPI2C1Freq_Value,FamilyName,HCLKFreq_Value,MCO2PinFreq_Value,PLLCLKFreq_Value,PLLI2SPCLKFreq_Value,PLLI2SQCLKFreq_Value,PLLI2SRCLKFreq_Value,PLLM,PLLN,PLLQCLKFreq_Value,PLLRCLKFreq_Value,PLLSAIPCLKFreq_Value,PLLSAIQCLKFreq_Value,PWRFreq_Value,SAIAFreq_Value,SAIBFreq_Value,SDIOFreq_Value,SPDIFRXFreq_Value,SYSCLKFreq_VALUE,SYSCLKSource,USBFreq_Value,VCOI2SInputFreq_Value,VCOI2SOutputFreq_Value,VCOInputFreq_Value,VCOOutputFreq_Value,VCOSAIInputFreq_Value,VCOSAIOutputFreq_Value
RCC.MCO2PinFreq_Value=180000000
RCC.PLLCLKFreq_Value=180000000
RCC.PLLI2SPCLKFreq_Value=96000000
RCC.PLLI2SQCLKFreq_Value=96000000
RCC.PLLI2SRCLKFreq_Value=96000000
RCC.PLLM=8
RCC.PLLN=180
RCC.PLLQCLKFreq_Value=180000000
RCC.PLLRCLKFreq_Value=180000000
RCC.PLLSAIPCLKFreq_Value=96000000
RCC.PLLSAIQCLKFreq_Value=96000000
RCC.PWRFreq_Value=180000000
RCC.SAIAFreq_Value=96000000
RCC.SAIBFreq_Value=96000000
RCC.SDIOFreq_Value=180000000
RCC.SPDIFRXFreq_Value=180000000
RCC.SYSCLKFreq_VALUE=180000000
RCC.SYSCLKSource=RCC_SYSCLKSOURCE_PLLCLK
RCC.USBFreq_Value=180000000
RCC.VCOI2SInputFreq_Value=1000000
RCC.VCOI2SOutputFreq_Value=192000000
RCC.VCOInputFreq_Value=2000000
RCC.VCOOutputFreq_Value=360000000
RCC.VCOSAIInputFreq_Value=1000000
RCC.VCOSAIOutputFreq_Value=192000000
UART4.BaudRate=2500000
UART4.IPParameters=VirtualMode,BaudRate
UART4.VirtualMode=Asynchronous
UART5.BaudRate=230400
UART5.IPParameters=VirtualMode,BaudRate
UART5.VirtualMode=Asynchronous
USART1.BaudRate=2500000
USART1.IPParameters=VirtualMode,BaudRate
USART1.VirtualMode=VM_ASYNC
USART2.BaudRate=2500000
USART2.IPParameters=VirtualMode,BaudRate
USART2.VirtualMode=VM_ASYNC
USART3.BaudRate=1000000
USART3.IPParameters=VirtualMode,BaudRate
USART3.VirtualMode=VM_ASYNC
USART6.BaudRate=2500000
USART6.IPParameters=VirtualMode,BaudRate
USART6.VirtualMode=VM_ASYNC
VP_FREERTOS_VS_ENABLE.Mode=Enabled
VP_FREERTOS_VS_ENABLE.Signal=FREERTOS_VS_ENABLE
VP_SYS_VS_tim1.Mode=TIM1
VP_SYS_VS_tim1.Signal=SYS_VS_tim1
board=Robot_F4
